[[package]]
name = "backoff"
version = "1.11.1"
description = "Function decoration for backoff and retry"
category = "main"
optional = false
python-versions = ">=2.7, !=3.0.*, !=3.1.*, !=3.2.*, !=3.3.*, !=3.4.*"

[[package]]
name = "deprecated"
version = "1.2.13"
description = "Python @deprecated decorator to deprecate old python classes, functions or methods."
category = "main"
optional = false
python-versions = ">=2.7, !=3.0.*, !=3.1.*, !=3.2.*, !=3.3.*"

[package.dependencies]
wrapt = ">=1.10,<2"

[package.extras]
dev = ["tox", "bump2version (<1)", "sphinx (<2)", "importlib-metadata (<3)", "importlib-resources (<4)", "configparser (<5)", "sphinxcontrib-websupport (<2)", "zipp (<2)", "PyTest (<5)", "PyTest-Cov (<2.6)", "pytest", "pytest-cov"]

[[package]]
name = "googleapis-common-protos"
version = "1.56.0"
description = "Common protobufs used in Google APIs"
category = "main"
optional = false
python-versions = ">=3.6"

[package.dependencies]
protobuf = ">=3.12.0"

[package.extras]
grpc = ["grpcio (>=1.0.0)"]

[[package]]
name = "grpcio"
version = "1.45.0"
description = "HTTP/2-based RPC framework"
category = "main"
optional = false
python-versions = ">=3.6"

[package.dependencies]
six = ">=1.5.2"

[package.extras]
protobuf = ["grpcio-tools (>=1.45.0)"]

[[package]]
name = "opentelemetry-api"
version = "1.11.0"
description = "OpenTelemetry Python API"
category = "main"
optional = false
python-versions = ">=3.6"

[package.dependencies]
Deprecated = ">=1.2.6"

[[package]]
name = "opentelemetry-exporter-otlp-proto-grpc"
version = "1.11.0"
description = "OpenTelemetry Collector Protobuf over gRPC Exporter"
category = "main"
optional = false
python-versions = ">=3.6"

[package.dependencies]
backoff = ">=1.10.0,<2.0.0"
googleapis-common-protos = ">=1.52,<2.0"
grpcio = ">=1.0.0,<2.0.0"
opentelemetry-api = ">=1.3,<2.0"
opentelemetry-proto = "1.11.0"
opentelemetry-sdk = ">=1.11,<2.0"

[package.extras]
test = ["pytest-grpc"]

[[package]]
name = "opentelemetry-proto"
version = "1.11.0"
description = "OpenTelemetry Python Proto"
category = "main"
optional = false
python-versions = ">=3.6"

[package.dependencies]
protobuf = ">=3.13.0"

[[package]]
name = "opentelemetry-sdk"
version = "1.11.0"
description = "OpenTelemetry Python SDK"
category = "main"
optional = false
python-versions = ">=3.6"

[package.dependencies]
opentelemetry-api = "1.11.0"
opentelemetry-semantic-conventions = "0.30b0"
typing-extensions = ">=3.7.4"

[[package]]
name = "opentelemetry-semantic-conventions"
version = "0.30b0"
description = "OpenTelemetry Semantic Conventions"
category = "main"
optional = false
python-versions = ">=3.6"

[[package]]
name = "protobuf"
version = "3.20.0"
description = "Protocol Buffers"
category = "main"
optional = false
python-versions = ">=3.7"

[[package]]
name = "six"
version = "1.16.0"
description = "Python 2 and 3 compatibility utilities"
category = "main"
optional = false
python-versions = ">=2.7, !=3.0.*, !=3.1.*, !=3.2.*"

[[package]]
name = "typing-extensions"
version = "4.2.0"
description = "Backported and Experimental Type Hints for Python 3.7+"
category = "main"
optional = false
python-versions = ">=3.7"

[[package]]
name = "wrapt"
version = "1.14.0"
description = "Module for decorators, wrappers and monkey patching."
category = "main"
optional = false
python-versions = "!=3.0.*,!=3.1.*,!=3.2.*,!=3.3.*,!=3.4.*,>=2.7"

[metadata]
lock-version = "1.1"
python-versions = "^3.9"
content-hash = "5b4d1432e630ffeb0e62107ba5bf1fd6b8c740c04e7f2d4d1d4977faafb14712"

[metadata.files]
backoff = [
    {file = "backoff-1.11.1-py2.py3-none-any.whl", hash = "sha256:61928f8fa48d52e4faa81875eecf308eccfb1016b018bb6bd21e05b5d90a96c5"},
    {file = "backoff-1.11.1.tar.gz", hash = "sha256:ccb962a2378418c667b3c979b504fdeb7d9e0d29c0579e3b13b86467177728cb"},
]
deprecated = [
    {file = "Deprecated-1.2.13-py2.py3-none-any.whl", hash = "sha256:64756e3e14c8c5eea9795d93c524551432a0be75629f8f29e67ab8caf076c76d"},
    {file = "Deprecated-1.2.13.tar.gz", hash = "sha256:43ac5335da90c31c24ba028af536a91d41d53f9e6901ddb021bcc572ce44e38d"},
]
googleapis-common-protos = [
    {file = "googleapis-common-protos-1.56.0.tar.gz", hash = "sha256:4007500795bcfc269d279f0f7d253ae18d6dc1ff5d5a73613ffe452038b1ec5f"},
    {file = "googleapis_common_protos-1.56.0-py2.py3-none-any.whl", hash = "sha256:60220c89b8bd5272159bed4929ecdc1243ae1f73437883a499a44a1cbc084086"},
]
grpcio = [
    {file = "grpcio-1.45.0-cp310-cp310-linux_armv7l.whl", hash = "sha256:0d74a159df9401747e57960f0772f4371486e3281919004efa9df8a82985abee"},
    {file = "grpcio-1.45.0-cp310-cp310-macosx_10_10_universal2.whl", hash = "sha256:4e6d15bfdfa28e5f6d524dd3b29c7dc129cfc578505b067aa97574490c5b70fe"},
    {file = "grpcio-1.45.0-cp310-cp310-manylinux_2_17_aarch64.whl", hash = "sha256:44615be86e5540a18f5e4ca5a0f428d4b1efb800d255cfd9f902a11daca8fd74"},
    {file = "grpcio-1.45.0-cp310-cp310-manylinux_2_17_i686.manylinux2014_i686.whl", hash = "sha256:8b452f715e2cae9e75cb309f59a37f82e5b25f51f0bfc3cd1462de86265cef05"},
    {file = "grpcio-1.45.0-cp310-cp310-manylinux_2_17_x86_64.manylinux2014_x86_64.whl", hash = "sha256:db1c45daa35c64f17498af1ba6eb1d0a8d88a8a0b6b322f960ab461e7ef0419e"},
    {file = "grpcio-1.45.0-cp310-cp310-musllinux_1_1_i686.whl", hash = "sha256:678a673fe811dad3ed5bd2e2352b79851236e4d718aeaeffc10f372a55954d8d"},
    {file = "grpcio-1.45.0-cp310-cp310-musllinux_1_1_x86_64.whl", hash = "sha256:a5c8a08aff0af770c977dcede62fbed53ae7b99adbc184d5299d148bb04652f1"},
    {file = "grpcio-1.45.0-cp310-cp310-win32.whl", hash = "sha256:1d764c8a190719301ec6f3b6ddeb48a234604e337d0fbb3184a4ddcda2aca9da"},
    {file = "grpcio-1.45.0-cp310-cp310-win_amd64.whl", hash = "sha256:797f5b750be6ff2905b9d0529a00c1f873d8035a5d01a9801910ace5f0d52a18"},
    {file = "grpcio-1.45.0-cp36-cp36m-linux_armv7l.whl", hash = "sha256:b46772b7eb58c6cb0b468b56d59618694d2c2f2cee2e5b4e83ae9729a46b8af0"},
    {file = "grpcio-1.45.0-cp36-cp36m-macosx_10_10_x86_64.whl", hash = "sha256:2f135e5c8e9acd14f3090fd86dccb9d7c26aea7bfbd4528e8a86ff621d39e610"},
    {file = "grpcio-1.45.0-cp36-cp36m-manylinux_2_12_i686.manylinux2010_i686.whl", hash = "sha256:16603b9544a4af135ce4d594a7396602fbe62d1ccaa484b05cb1814c17a3e559"},
    {file = "grpcio-1.45.0-cp36-cp36m-manylinux_2_12_x86_64.manylinux2010_x86_64.whl", hash = "sha256:ccba925045c00acc9ce2cc645b6fa9d19767dbb16c9c49921013da412b1d3415"},
    {file = "grpcio-1.45.0-cp36-cp36m-manylinux_2_17_aarch64.whl", hash = "sha256:7262b9d96db79e29049c7eb2b75b03f2b9485fd838209b5ff8e3cca73b2a706c"},
    {file = "grpcio-1.45.0-cp36-cp36m-manylinux_2_17_i686.manylinux2014_i686.whl", hash = "sha256:a1c1098f35c33b985c312cacea39e2aa66f7ac1462579eed1d3aed2e51fff00d"},
    {file = "grpcio-1.45.0-cp36-cp36m-manylinux_2_17_x86_64.manylinux2014_x86_64.whl", hash = "sha256:0b18c86a9cfbedd0c4e083690fecc82027b3f938100ed0af8db77d52a171eb1e"},
    {file = "grpcio-1.45.0-cp36-cp36m-musllinux_1_1_i686.whl", hash = "sha256:638364d3603df9e4a1dbc2151b5fe1b491ceecda4e1672be86724e1dfa79c44d"},
    {file = "grpcio-1.45.0-cp36-cp36m-musllinux_1_1_x86_64.whl", hash = "sha256:8de79eac582431cb6d05ff5652e68089c40aa0e604ec1630fa52ac926bc44f1b"},
    {file = "grpcio-1.45.0-cp36-cp36m-win32.whl", hash = "sha256:6cf5f1827c182ef9b503d7d01e503c1067f4499d45af792d95ccd1d8b0bea30d"},
    {file = "grpcio-1.45.0-cp36-cp36m-win_amd64.whl", hash = "sha256:4f1a22744f93b38d393b7a83cb607029ac5e2de680cab39957ffdd116590a178"},
    {file = "grpcio-1.45.0-cp37-cp37m-linux_armv7l.whl", hash = "sha256:321f84dbc788481f7a3cd12636a133ba5f4d17e57f1c906de5a22fd709c971b5"},
    {file = "grpcio-1.45.0-cp37-cp37m-macosx_10_10_x86_64.whl", hash = "sha256:a33ed7d3e52ddc839e2f020592a4371d805c2ae820fb63b12525058e1810fe46"},
    {file = "grpcio-1.45.0-cp37-cp37m-manylinux_2_12_i686.manylinux2010_i686.whl", hash = "sha256:f9f28d8c5343602e1510d4839e38568bcd0ca6353bd98ad9941787584a371a1d"},
    {file = "grpcio-1.45.0-cp37-cp37m-manylinux_2_12_x86_64.manylinux2010_x86_64.whl", hash = "sha256:3a40dbb8aac60cf6a86583e2ba74fc2c286f1abc7a3404b25dcd12a49b9f7d8b"},
    {file = "grpcio-1.45.0-cp37-cp37m-manylinux_2_17_aarch64.whl", hash = "sha256:b00ce58323dde47d2ea240d10ee745471b9966429c97d9e6567c8d56e02b0372"},
    {file = "grpcio-1.45.0-cp37-cp37m-manylinux_2_17_i686.manylinux2014_i686.whl", hash = "sha256:bd4944f35f1e5ab54804c3e37d24921ecc01908ef871cdce6bd52995ea4f985c"},
    {file = "grpcio-1.45.0-cp37-cp37m-manylinux_2_17_x86_64.manylinux2014_x86_64.whl", hash = "sha256:cc135b77f384a84bac67a37947886986be136356446338d64160a30c85f20c6d"},
    {file = "grpcio-1.45.0-cp37-cp37m-musllinux_1_1_i686.whl", hash = "sha256:35ae55460514ed404ceaa95533b9a79989691b562faf012fc8fb143d8fd16e47"},
    {file = "grpcio-1.45.0-cp37-cp37m-musllinux_1_1_x86_64.whl", hash = "sha256:779db3d00c8da1d3efa942387cb0fea9ac6d50124d656024f82f9faefdd016e3"},
    {file = "grpcio-1.45.0-cp37-cp37m-win32.whl", hash = "sha256:aea67bd3cbf93db552c725bc0b4db0acdc6a284d036d1cc32d638305e0f01fd9"},
    {file = "grpcio-1.45.0-cp37-cp37m-win_amd64.whl", hash = "sha256:7fe3ac700cc5ecba9dc9072c0e6cfd2f964ea9f273ce1111eaa27d13aa20ec32"},
    {file = "grpcio-1.45.0-cp38-cp38-linux_armv7l.whl", hash = "sha256:259c126821fefcda298c020a0d83c4a4edac3cf10b1af12a62d250f8192ea1d1"},
    {file = "grpcio-1.45.0-cp38-cp38-macosx_10_10_x86_64.whl", hash = "sha256:5d05cd1b2b0975bb000ba97ca465565158dc211616c9bbbef5d1b77871974687"},
    {file = "grpcio-1.45.0-cp38-cp38-manylinux_2_12_i686.manylinux2010_i686.whl", hash = "sha256:6f2e044a715507fd13c70c928cd90daf8d0295c936a81fd9065a24e58ba7cc7d"},
    {file = "grpcio-1.45.0-cp38-cp38-manylinux_2_12_x86_64.manylinux2010_x86_64.whl", hash = "sha256:4d37c526b86c46d229f6117df5dca2510de597ab73c5956bc379ca41f8a1db84"},
    {file = "grpcio-1.45.0-cp38-cp38-manylinux_2_17_aarch64.whl", hash = "sha256:6df338b8d2c328ba91a25e28786d10059dea3bc9115fa1ddad30ba5d459e714a"},
    {file = "grpcio-1.45.0-cp38-cp38-manylinux_2_17_i686.manylinux2014_i686.whl", hash = "sha256:042921a824e90bf2974dbef7d89937096181298294799fb53e5576d9958884c7"},
    {file = "grpcio-1.45.0-cp38-cp38-manylinux_2_17_x86_64.manylinux2014_x86_64.whl", hash = "sha256:fb23ed6ed84ae312df03e96c7a7cd3aa5f7e3a1ad7066fdb6cd47f1bd334196c"},
    {file = "grpcio-1.45.0-cp38-cp38-musllinux_1_1_i686.whl", hash = "sha256:79582ec821ef10162348170a6e912d93ea257c749320a162dfc3a132ef25ac1b"},
    {file = "grpcio-1.45.0-cp38-cp38-musllinux_1_1_x86_64.whl", hash = "sha256:d14d372ea5a51d5ab991aa6d499a26e5a1e3b3f3af93f41826ea610f8a276c9e"},
    {file = "grpcio-1.45.0-cp38-cp38-win32.whl", hash = "sha256:b54444cf4212935a7b98cd26a30ad3a036389e4fd2ff3e461b176af876c7e20b"},
    {file = "grpcio-1.45.0-cp38-cp38-win_amd64.whl", hash = "sha256:da395720d6e9599c754f862f3f75bc0e8ff29fa55259e082e442a9cc916ffbc3"},
    {file = "grpcio-1.45.0-cp39-cp39-linux_armv7l.whl", hash = "sha256:add03308fa2d434628aeaa445e0c75cdb9535f39128eb949b1483ae83fafade6"},
    {file = "grpcio-1.45.0-cp39-cp39-macosx_10_10_x86_64.whl", hash = "sha256:250d8f18332f3dbd4db00efa91d33d336e58362e9c80e6946d45ecf5e82d95ec"},
    {file = "grpcio-1.45.0-cp39-cp39-manylinux_2_12_i686.manylinux2010_i686.whl", hash = "sha256:dfca4dfd307b449d0a1e92bc7fbb5224ccf16db384aab412ba6766fc56bdffb6"},
    {file = "grpcio-1.45.0-cp39-cp39-manylinux_2_12_x86_64.manylinux2010_x86_64.whl", hash = "sha256:b7f2dc8831045eb0c892bb947e1cba2b1ed639e79a54abff7c4ad90bdd329f78"},
    {file = "grpcio-1.45.0-cp39-cp39-manylinux_2_17_aarch64.whl", hash = "sha256:2355493a9e71f15d9004b2ab87892cb532e9e98db6882fced2912115eb5631af"},
    {file = "grpcio-1.45.0-cp39-cp39-manylinux_2_17_i686.manylinux2014_i686.whl", hash = "sha256:2798e42d62a0296982276d0bab96fc7d6772cd148357154348355304d6216763"},
    {file = "grpcio-1.45.0-cp39-cp39-manylinux_2_17_x86_64.manylinux2014_x86_64.whl", hash = "sha256:0fe6acb1439127e0bee773f8a9a3ece290cb4cac4fe8d46b10bc8dda250a990c"},
    {file = "grpcio-1.45.0-cp39-cp39-musllinux_1_1_i686.whl", hash = "sha256:6774272a59b9ee16fb0d4f53e23716953a22bbb3efe12fdf9a4ee3eec2c4f81f"},
    {file = "grpcio-1.45.0-cp39-cp39-musllinux_1_1_x86_64.whl", hash = "sha256:52f61fcb17d92b87ba47d54b3c9deae09d4f0216a3ea277b7df4b6c1794e6556"},
    {file = "grpcio-1.45.0-cp39-cp39-win32.whl", hash = "sha256:3992c690228126e5652c7a1f61863c1ebfd71369cf2adb0fce86fee1d82d2d27"},
    {file = "grpcio-1.45.0-cp39-cp39-win_amd64.whl", hash = "sha256:220867a53e53b2e201e98c55061e3053e31c0ce613625087242be684d3e8612a"},
    {file = "grpcio-1.45.0.tar.gz", hash = "sha256:ff2c8b965b0fc25cf281961aa46619c10900543effe3f806ef818231c40aaff3"},
]
opentelemetry-api = [
    {file = "opentelemetry-api-1.11.0.tar.gz", hash = "sha256:6b05cb68ab0735d3081f8a460c1a6be27478b4307c1cd25c7a58aab610fd3c83"},
    {file = "opentelemetry_api-1.11.0-py3-none-any.whl", hash = "sha256:b0dc7ed03f8fdccb8472849914d310943558673a420257fbf3a09244270a8078"},
]
opentelemetry-exporter-otlp-proto-grpc = [
    {file = "opentelemetry-exporter-otlp-proto-grpc-1.11.0.tar.gz", hash = "sha256:38a7a60aac2c9dbd3d84c6f55424db0d7b7cf892b9c299bee17ee06e6d71514f"},
    {file = "opentelemetry_exporter_otlp_proto_grpc-1.11.0-py3-none-any.whl", hash = "sha256:afa2ccae245ee72b05c44feaeabf8612912df32a4260098d446529e91f602265"},
]
opentelemetry-proto = [
    {file = "opentelemetry-proto-1.11.0.tar.gz", hash = "sha256:c7ea9a73844ec9ffbde04b518e33c41e30ddfde83430f60b2f950deb8992cd35"},
    {file = "opentelemetry_proto-1.11.0-py3-none-any.whl", hash = "sha256:4ed60d8ae79238a3505e55afb71571235f805bdac19e12e56c9a7b5bd4708c50"},
]
opentelemetry-sdk = [
    {file = "opentelemetry-sdk-1.11.0.tar.gz", hash = "sha256:159078476f228edeb93b955d6373edcaa6227d7be6a6ef9e8fb47bf17786deed"},
    {file = "opentelemetry_sdk-1.11.0-py3-none-any.whl", hash = "sha256:2718bdc1f6cbd14c9ebe0f7ea0f599a3c95594a60200eafba865753826f540f1"},
]
opentelemetry-semantic-conventions = [
    {file = "opentelemetry-semantic-conventions-0.30b0.tar.gz", hash = "sha256:b310d53cc29ff9a5e499c91aae89b223f46a3ad424c12d65e4fd3dd7388e5a25"},
    {file = "opentelemetry_semantic_conventions-0.30b0-py3-none-any.whl", hash = "sha256:12add8dae0eb8ebee10271a0437966bcecad64b6ee884eaa24f622bef7993b9a"},
]
protobuf = [
    {file = "protobuf-3.20.0-cp310-cp310-macosx_10_9_universal2.whl", hash = "sha256:9d0f3aca8ca51c8b5e204ab92bd8afdb2a8e3df46bd0ce0bd39065d79aabcaa4"},
    {file = "protobuf-3.20.0-cp310-cp310-manylinux2014_aarch64.whl", hash = "sha256:001c2160c03b6349c04de39cf1a58e342750da3632f6978a1634a3dcca1ec10e"},
    {file = "protobuf-3.20.0-cp310-cp310-manylinux_2_12_x86_64.manylinux2010_x86_64.whl", hash = "sha256:5b5860b790498f233cdc8d635a17fc08de62e59d4dcd8cdb6c6c0d38a31edf2b"},
    {file = "protobuf-3.20.0-cp310-cp310-win32.whl", hash = "sha256:0b250c60256c8824219352dc2a228a6b49987e5bf94d3ffcf4c46585efcbd499"},
    {file = "protobuf-3.20.0-cp310-cp310-win_amd64.whl", hash = "sha256:a1eebb6eb0653e594cb86cd8e536b9b083373fca9aba761ade6cd412d46fb2ab"},
    {file = "protobuf-3.20.0-cp36-cp36m-macosx_10_9_x86_64.whl", hash = "sha256:bc14037281db66aa60856cd4ce4541a942040686d290e3f3224dd3978f88f554"},
    {file = "protobuf-3.20.0-cp36-cp36m-manylinux_2_5_x86_64.manylinux1_x86_64.whl", hash = "sha256:47257d932de14a7b6c4ae1b7dbf592388153ee35ec7cae216b87ae6490ed39a3"},
    {file = "protobuf-3.20.0-cp37-cp37m-macosx_10_9_x86_64.whl", hash = "sha256:fbcbb068ebe67c4ff6483d2e2aa87079c325f8470b24b098d6bf7d4d21d57a69"},
    {file = "protobuf-3.20.0-cp37-cp37m-manylinux2014_aarch64.whl", hash = "sha256:542f25a4adf3691a306dcc00bf9a73176554938ec9b98f20f929a044f80acf1b"},
    {file = "protobuf-3.20.0-cp37-cp37m-manylinux_2_5_x86_64.manylinux1_x86_64.whl", hash = "sha256:fd7133b885e356fa4920ead8289bb45dc6f185a164e99e10279f33732ed5ce15"},
    {file = "protobuf-3.20.0-cp37-cp37m-win32.whl", hash = "sha256:8d84453422312f8275455d1cb52d850d6a4d7d714b784e41b573c6f5bfc2a029"},
    {file = "protobuf-3.20.0-cp37-cp37m-win_amd64.whl", hash = "sha256:52bae32a147c375522ce09bd6af4d2949aca32a0415bc62df1456b3ad17c6001"},
    {file = "protobuf-3.20.0-cp38-cp38-macosx_10_9_x86_64.whl", hash = "sha256:25d2fcd6eef340082718ec9ad2c58d734429f2b1f7335d989523852f2bba220b"},
    {file = "protobuf-3.20.0-cp38-cp38-manylinux2014_aarch64.whl", hash = "sha256:88c8be0558bdfc35e68c42ae5bf785eb9390d25915d4863bbc7583d23da77074"},
    {file = "protobuf-3.20.0-cp38-cp38-manylinux_2_5_x86_64.manylinux1_x86_64.whl", hash = "sha256:38fd9eb74b852e4ee14b16e9670cd401d147ee3f3ec0d4f7652e0c921d6227f8"},
    {file = "protobuf-3.20.0-cp38-cp38-win32.whl", hash = "sha256:7dcd84dc31ebb35ade755e06d1561d1bd3b85e85dbdbf6278011fc97b22810db"},
    {file = "protobuf-3.20.0-cp38-cp38-win_amd64.whl", hash = "sha256:1eb13f5a5a59ca4973bcfa2fc8fff644bd39f2109c3f7a60bd5860cb6a49b679"},
    {file = "protobuf-3.20.0-cp39-cp39-macosx_10_9_x86_64.whl", hash = "sha256:1d24c81c2310f0063b8fc1c20c8ed01f3331be9374b4b5c2de846f69e11e21fb"},
    {file = "protobuf-3.20.0-cp39-cp39-manylinux2014_aarch64.whl", hash = "sha256:8be43a91ab66fe995e85ccdbdd1046d9f0443d59e060c0840319290de25b7d33"},
    {file = "protobuf-3.20.0-cp39-cp39-manylinux_2_5_x86_64.manylinux1_x86_64.whl", hash = "sha256:7a53d4035427b9dbfbb397f46642754d294f131e93c661d056366f2a31438263"},
    {file = "protobuf-3.20.0-cp39-cp39-win32.whl", hash = "sha256:32bf4a90c207a0b4e70ca6dd09d43de3cb9898f7d5b69c2e9e3b966a7f342820"},
    {file = "protobuf-3.20.0-cp39-cp39-win_amd64.whl", hash = "sha256:6efe066a7135233f97ce51a1aa007d4fb0be28ef093b4f88dac4ad1b3a2b7b6f"},
    {file = "protobuf-3.20.0-py2.py3-none-any.whl", hash = "sha256:4eda68bd9e2a4879385e6b1ea528c976f59cd9728382005cc54c28bcce8db983"},
    {file = "protobuf-3.20.0.tar.gz", hash = "sha256:71b2c3d1cd26ed1ec7c8196834143258b2ad7f444efff26fdc366c6f5e752702"},
]
six = [
    {file = "six-1.16.0-py2.py3-none-any.whl", hash = "sha256:8abb2f1d86890a2dfb989f9a77cfcfd3e47c2a354b01111771326f8aa26e0254"},
    {file = "six-1.16.0.tar.gz", hash = "sha256:1e61c37477a1626458e36f7b1d82aa5c9b094fa4802892072e49de9c60c4c926"},
]
typing-extensions = [
    {file = "typing_extensions-4.2.0-py3-none-any.whl", hash = "sha256:6657594ee297170d19f67d55c05852a874e7eb634f4f753dbd667855e07c1708"},
    {file = "typing_extensions-4.2.0.tar.gz", hash = "sha256:f1c24655a0da0d1b67f07e17a5e6b2a105894e6824b92096378bb3668ef02376"},
]
wrapt = [
    {file = "wrapt-1.14.0-cp27-cp27m-macosx_10_9_x86_64.whl", hash = "sha256:5a9a1889cc01ed2ed5f34574c90745fab1dd06ec2eee663e8ebeefe363e8efd7"},
    {file = "wrapt-1.14.0-cp27-cp27m-manylinux1_i686.whl", hash = "sha256:9a3ff5fb015f6feb78340143584d9f8a0b91b6293d6b5cf4295b3e95d179b88c"},
    {file = "wrapt-1.14.0-cp27-cp27m-manylinux1_x86_64.whl", hash = "sha256:4b847029e2d5e11fd536c9ac3136ddc3f54bc9488a75ef7d040a3900406a91eb"},
    {file = "wrapt-1.14.0-cp27-cp27m-manylinux2010_i686.whl", hash = "sha256:9a5a544861b21e0e7575b6023adebe7a8c6321127bb1d238eb40d99803a0e8bd"},
    {file = "wrapt-1.14.0-cp27-cp27m-manylinux2010_x86_64.whl", hash = "sha256:88236b90dda77f0394f878324cfbae05ae6fde8a84d548cfe73a75278d760291"},
    {file = "wrapt-1.14.0-cp27-cp27mu-manylinux1_i686.whl", hash = "sha256:f0408e2dbad9e82b4c960274214af533f856a199c9274bd4aff55d4634dedc33"},
    {file = "wrapt-1.14.0-cp27-cp27mu-manylinux1_x86_64.whl", hash = "sha256:9d8c68c4145041b4eeae96239802cfdfd9ef927754a5be3f50505f09f309d8c6"},
    {file = "wrapt-1.14.0-cp27-cp27mu-manylinux2010_i686.whl", hash = "sha256:22626dca56fd7f55a0733e604f1027277eb0f4f3d95ff28f15d27ac25a45f71b"},
    {file = "wrapt-1.14.0-cp27-cp27mu-manylinux2010_x86_64.whl", hash = "sha256:65bf3eb34721bf18b5a021a1ad7aa05947a1767d1aa272b725728014475ea7d5"},
    {file = "wrapt-1.14.0-cp310-cp310-macosx_10_9_x86_64.whl", hash = "sha256:09d16ae7a13cff43660155383a2372b4aa09109c7127aa3f24c3cf99b891c330"},
    {file = "wrapt-1.14.0-cp310-cp310-macosx_11_0_arm64.whl", hash = "sha256:debaf04f813ada978d7d16c7dfa16f3c9c2ec9adf4656efdc4defdf841fc2f0c"},
    {file = "wrapt-1.14.0-cp310-cp310-manylinux_2_17_aarch64.manylinux2014_aarch64.whl", hash = "sha256:748df39ed634851350efa87690c2237a678ed794fe9ede3f0d79f071ee042561"},
    {file = "wrapt-1.14.0-cp310-cp310-manylinux_2_5_i686.manylinux1_i686.manylinux_2_17_i686.manylinux2014_i686.whl", hash = "sha256:1807054aa7b61ad8d8103b3b30c9764de2e9d0c0978e9d3fc337e4e74bf25faa"},
    {file = "wrapt-1.14.0-cp310-cp310-manylinux_2_5_x86_64.manylinux1_x86_64.manylinux_2_17_x86_64.manylinux2014_x86_64.whl", hash = "sha256:763a73ab377390e2af26042f685a26787c402390f682443727b847e9496e4a2a"},
    {file = "wrapt-1.14.0-cp310-cp310-musllinux_1_1_aarch64.whl", hash = "sha256:8529b07b49b2d89d6917cfa157d3ea1dfb4d319d51e23030664a827fe5fd2131"},
    {file = "wrapt-1.14.0-cp310-cp310-musllinux_1_1_i686.whl", hash = "sha256:68aeefac31c1f73949662ba8affaf9950b9938b712fb9d428fa2a07e40ee57f8"},
    {file = "wrapt-1.14.0-cp310-cp310-musllinux_1_1_x86_64.whl", hash = "sha256:59d7d92cee84a547d91267f0fea381c363121d70fe90b12cd88241bd9b0e1763"},
    {file = "wrapt-1.14.0-cp310-cp310-win32.whl", hash = "sha256:3a88254881e8a8c4784ecc9cb2249ff757fd94b911d5df9a5984961b96113fff"},
    {file = "wrapt-1.14.0-cp310-cp310-win_amd64.whl", hash = "sha256:9a242871b3d8eecc56d350e5e03ea1854de47b17f040446da0e47dc3e0b9ad4d"},
    {file = "wrapt-1.14.0-cp35-cp35m-manylinux1_i686.whl", hash = "sha256:a65bffd24409454b889af33b6c49d0d9bcd1a219b972fba975ac935f17bdf627"},
    {file = "wrapt-1.14.0-cp35-cp35m-manylinux1_x86_64.whl", hash = "sha256:9d9fcd06c952efa4b6b95f3d788a819b7f33d11bea377be6b8980c95e7d10775"},
    {file = "wrapt-1.14.0-cp35-cp35m-manylinux2010_i686.whl", hash = "sha256:db6a0ddc1282ceb9032e41853e659c9b638789be38e5b8ad7498caac00231c23"},
    {file = "wrapt-1.14.0-cp35-cp35m-manylinux2010_x86_64.whl", hash = "sha256:14e7e2c5f5fca67e9a6d5f753d21f138398cad2b1159913ec9e9a67745f09ba3"},
    {file = "wrapt-1.14.0-cp35-cp35m-win32.whl", hash = "sha256:6d9810d4f697d58fd66039ab959e6d37e63ab377008ef1d63904df25956c7db0"},
    {file = "wrapt-1.14.0-cp35-cp35m-win_amd64.whl", hash = "sha256:d808a5a5411982a09fef6b49aac62986274ab050e9d3e9817ad65b2791ed1425"},
    {file = "wrapt-1.14.0-cp36-cp36m-macosx_10_9_x86_64.whl", hash = "sha256:b77159d9862374da213f741af0c361720200ab7ad21b9f12556e0eb95912cd48"},
    {file = "wrapt-1.14.0-cp36-cp36m-manylinux_2_17_aarch64.manylinux2014_aarch64.whl", hash = "sha256:36a76a7527df8583112b24adc01748cd51a2d14e905b337a6fefa8b96fc708fb"},
    {file = "wrapt-1.14.0-cp36-cp36m-manylinux_2_5_i686.manylinux1_i686.manylinux_2_17_i686.manylinux2014_i686.whl", hash = "sha256:a0057b5435a65b933cbf5d859cd4956624df37b8bf0917c71756e4b3d9958b9e"},
    {file = "wrapt-1.14.0-cp36-cp36m-manylinux_2_5_x86_64.manylinux1_x86_64.manylinux_2_17_x86_64.manylinux2014_x86_64.whl", hash = "sha256:3a0a4ca02752ced5f37498827e49c414d694ad7cf451ee850e3ff160f2bee9d3"},
    {file = "wrapt-1.14.0-cp36-cp36m-musllinux_1_1_aarch64.whl", hash = "sha256:8c6be72eac3c14baa473620e04f74186c5d8f45d80f8f2b4eda6e1d18af808e8"},
    {file = "wrapt-1.14.0-cp36-cp36m-musllinux_1_1_i686.whl", hash = "sha256:21b1106bff6ece8cb203ef45b4f5778d7226c941c83aaaa1e1f0f4f32cc148cd"},
    {file = "wrapt-1.14.0-cp36-cp36m-musllinux_1_1_x86_64.whl", hash = "sha256:493da1f8b1bb8a623c16552fb4a1e164c0200447eb83d3f68b44315ead3f9036"},
    {file = "wrapt-1.14.0-cp36-cp36m-win32.whl", hash = "sha256:89ba3d548ee1e6291a20f3c7380c92f71e358ce8b9e48161401e087e0bc740f8"},
    {file = "wrapt-1.14.0-cp36-cp36m-win_amd64.whl", hash = "sha256:729d5e96566f44fccac6c4447ec2332636b4fe273f03da128fff8d5559782b06"},
    {file = "wrapt-1.14.0-cp37-cp37m-macosx_10_9_x86_64.whl", hash = "sha256:891c353e95bb11abb548ca95c8b98050f3620a7378332eb90d6acdef35b401d4"},
    {file = "wrapt-1.14.0-cp37-cp37m-manylinux_2_17_aarch64.manylinux2014_aarch64.whl", hash = "sha256:23f96134a3aa24cc50614920cc087e22f87439053d886e474638c68c8d15dc80"},
    {file = "wrapt-1.14.0-cp37-cp37m-manylinux_2_5_i686.manylinux1_i686.manylinux_2_17_i686.manylinux2014_i686.whl", hash = "sha256:6807bcee549a8cb2f38f73f469703a1d8d5d990815c3004f21ddb68a567385ce"},
    {file = "wrapt-1.14.0-cp37-cp37m-manylinux_2_5_x86_64.manylinux1_x86_64.manylinux_2_17_x86_64.manylinux2014_x86_64.whl", hash = "sha256:6915682f9a9bc4cf2908e83caf5895a685da1fbd20b6d485dafb8e218a338279"},
    {file = "wrapt-1.14.0-cp37-cp37m-musllinux_1_1_aarch64.whl", hash = "sha256:f2f3bc7cd9c9fcd39143f11342eb5963317bd54ecc98e3650ca22704b69d9653"},
    {file = "wrapt-1.14.0-cp37-cp37m-musllinux_1_1_i686.whl", hash = "sha256:3a71dbd792cc7a3d772ef8cd08d3048593f13d6f40a11f3427c000cf0a5b36a0"},
    {file = "wrapt-1.14.0-cp37-cp37m-musllinux_1_1_x86_64.whl", hash = "sha256:5a0898a640559dec00f3614ffb11d97a2666ee9a2a6bad1259c9facd01a1d4d9"},
    {file = "wrapt-1.14.0-cp37-cp37m-win32.whl", hash = "sha256:167e4793dc987f77fd476862d32fa404d42b71f6a85d3b38cbce711dba5e6b68"},
    {file = "wrapt-1.14.0-cp37-cp37m-win_amd64.whl", hash = "sha256:d066ffc5ed0be00cd0352c95800a519cf9e4b5dd34a028d301bdc7177c72daf3"},
    {file = "wrapt-1.14.0-cp38-cp38-macosx_10_9_x86_64.whl", hash = "sha256:d9bdfa74d369256e4218000a629978590fd7cb6cf6893251dad13d051090436d"},
    {file = "wrapt-1.14.0-cp38-cp38-macosx_11_0_arm64.whl", hash = "sha256:2498762814dd7dd2a1d0248eda2afbc3dd9c11537bc8200a4b21789b6df6cd38"},
    {file = "wrapt-1.14.0-cp38-cp38-manylinux_2_17_aarch64.manylinux2014_aarch64.whl", hash = "sha256:5f24ca7953f2643d59a9c87d6e272d8adddd4a53bb62b9208f36db408d7aafc7"},
    {file = "wrapt-1.14.0-cp38-cp38-manylinux_2_5_i686.manylinux1_i686.manylinux_2_17_i686.manylinux2014_i686.whl", hash = "sha256:5b835b86bd5a1bdbe257d610eecab07bf685b1af2a7563093e0e69180c1d4af1"},
    {file = "wrapt-1.14.0-cp38-cp38-manylinux_2_5_x86_64.manylinux1_x86_64.manylinux_2_17_x86_64.manylinux2014_x86_64.whl", hash = "sha256:b21650fa6907e523869e0396c5bd591cc326e5c1dd594dcdccac089561cacfb8"},
    {file = "wrapt-1.14.0-cp38-cp38-musllinux_1_1_aarch64.whl", hash = "sha256:354d9fc6b1e44750e2a67b4b108841f5f5ea08853453ecbf44c81fdc2e0d50bd"},
    {file = "wrapt-1.14.0-cp38-cp38-musllinux_1_1_i686.whl", hash = "sha256:1f83e9c21cd5275991076b2ba1cd35418af3504667affb4745b48937e214bafe"},
    {file = "wrapt-1.14.0-cp38-cp38-musllinux_1_1_x86_64.whl", hash = "sha256:61e1a064906ccba038aa3c4a5a82f6199749efbbb3cef0804ae5c37f550eded0"},
    {file = "wrapt-1.14.0-cp38-cp38-win32.whl", hash = "sha256:28c659878f684365d53cf59dc9a1929ea2eecd7ac65da762be8b1ba193f7e84f"},
    {file = "wrapt-1.14.0-cp38-cp38-win_amd64.whl", hash = "sha256:b0ed6ad6c9640671689c2dbe6244680fe8b897c08fd1fab2228429b66c518e5e"},
    {file = "wrapt-1.14.0-cp39-cp39-macosx_10_9_x86_64.whl", hash = "sha256:b3f7e671fb19734c872566e57ce7fc235fa953d7c181bb4ef138e17d607dc8a1"},
    {file = "wrapt-1.14.0-cp39-cp39-macosx_11_0_arm64.whl", hash = "sha256:87fa943e8bbe40c8c1ba4086971a6fefbf75e9991217c55ed1bcb2f1985bd3d4"},
    {file = "wrapt-1.14.0-cp39-cp39-manylinux_2_17_aarch64.manylinux2014_aarch64.whl", hash = "sha256:4775a574e9d84e0212f5b18886cace049a42e13e12009bb0491562a48bb2b758"},
    {file = "wrapt-1.14.0-cp39-cp39-manylinux_2_5_i686.manylinux1_i686.manylinux_2_17_i686.manylinux2014_i686.whl", hash = "sha256:9d57677238a0c5411c76097b8b93bdebb02eb845814c90f0b01727527a179e4d"},
    {file = "wrapt-1.14.0-cp39-cp39-manylinux_2_5_x86_64.manylinux1_x86_64.manylinux_2_17_x86_64.manylinux2014_x86_64.whl", hash = "sha256:00108411e0f34c52ce16f81f1d308a571df7784932cc7491d1e94be2ee93374b"},
    {file = "wrapt-1.14.0-cp39-cp39-musllinux_1_1_aarch64.whl", hash = "sha256:d332eecf307fca852d02b63f35a7872de32d5ba8b4ec32da82f45df986b39ff6"},
    {file = "wrapt-1.14.0-cp39-cp39-musllinux_1_1_i686.whl", hash = "sha256:01f799def9b96a8ec1ef6b9c1bbaf2bbc859b87545efbecc4a78faea13d0e3a0"},
    {file = "wrapt-1.14.0-cp39-cp39-musllinux_1_1_x86_64.whl", hash = "sha256:47045ed35481e857918ae78b54891fac0c1d197f22c95778e66302668309336c"},
    {file = "wrapt-1.14.0-cp39-cp39-win32.whl", hash = "sha256:2eca15d6b947cfff51ed76b2d60fd172c6ecd418ddab1c5126032d27f74bc350"},
    {file = "wrapt-1.14.0-cp39-cp39-win_amd64.whl", hash = "sha256:bb36fbb48b22985d13a6b496ea5fb9bb2a076fea943831643836c9f6febbcfdc"},
    {file = "wrapt-1.14.0.tar.gz", hash = "sha256:8323a43bd9c91f62bb7d4be74cc9ff10090e7ef820e27bfe8815c57e68261311"},
]
